
Microsoft Visual Studio Solution File, Format Version 12.00
# Visual Studio Version 17
VisualStudioVersion = 17.2.32519.379
MinimumVisualStudioVersion = 10.0.40219.1
Project("{FAE04EC0-301F-11D3-BF4B-00C04F79EFBC}") = "DNM", "DNM\DNM.csproj", "{96AFCC00-852F-40D7-9517-1213C5B2B28A}"
EndProject
Global
	GlobalSection(SolutionConfigurationPlatforms) = preSolution
		Debug|Any CPU = Debug|Any CPU
		Release|Any CPU = Release|Any CPU
	EndGlobalSection
	GlobalSection(ProjectConfigurationPlatforms) = postSolution
		{96AFCC00-852F-40D7-9517-1213C5B2B28A}.Debug|Any CPU.ActiveCfg = Debug|Any CPU
		{96AFCC00-852F-40D7-9517-1213C5B2B28A}.Debug|Any CPU.Build.0 = Debug|Any CPU
		{96AFCC00-852F-40D7-9517-1213C5B2B28A}.Release|Any CPU.ActiveCfg = Release|Any CPU
		{96AFCC00-852F-40D7-9517-1213C5B2B28A}.Release|Any CPU.Build.0 = Release|Any CPU
	EndGlobalSection
	GlobalSection(SolutionProperties) = preSolution
		HideSolutionNode = FALSE
	EndGlobalSection
	GlobalSection(ExtensibilityGlobals) = postSolution
		SolutionGuid = {6449F7BD-6FEB-4139-9E19-6DA9713BB04F}
	EndGlobalSection
EndGlobal
